
Microsoft Visual Studio Solution File, Format Version 12.00
# Visual Studio Version 17
VisualStudioVersion = 17.7.34202.233
MinimumVisualStudioVersion = 10.0.40219.1
Project("{9A19103F-16F7-4668-BE54-9A1E7A4F7556}") = "PalettaPolizeiPro", "PalettaPolizeiPro\PalettaPolizeiPro.csproj", "{08752AC7-84E0-427A-9471-06CF3FA485E3}"
EndProject
Global
	GlobalSection(SolutionConfigurationPlatforms) = preSolution
		Debug|Any CPU = Debug|Any CPU
		Release|Any CPU = Release|Any CPU
	EndGlobalSection
	GlobalSection(ProjectConfigurationPlatforms) = postSolution
		{08752AC7-84E0-427A-9471-06CF3FA485E3}.Debug|Any CPU.ActiveCfg = Debug|Any CPU
		{08752AC7-84E0-427A-9471-06CF3FA485E3}.Debug|Any CPU.Build.0 = Debug|Any CPU
		{08752AC7-84E0-427A-9471-06CF3FA485E3}.Release|Any CPU.ActiveCfg = Release|Any CPU
		{08752AC7-84E0-427A-9471-06CF3FA485E3}.Release|Any CPU.Build.0 = Release|Any CPU
	EndGlobalSection
	GlobalSection(SolutionProperties) = preSolution
		HideSolutionNode = FALSE
	EndGlobalSection
	GlobalSection(ExtensibilityGlobals) = postSolution
		SolutionGuid = {925A396A-2083-4743-BFB8-755C0125F110}
	EndGlobalSection
EndGlobal
